
Microsoft Visual Studio Solution File, Format Version 12.00
# Visual Studio Version 17
VisualStudioVersion = 17.14.36212.18 d17.14
MinimumVisualStudioVersion = 10.0.40219.1
Project("{FAE04EC0-301F-11D3-BF4B-00C04F79EFBC}") = "FactorialNumero", "FactorialNumero\FactorialNumero.csproj", "{E809F7A1-79C7-459C-A82B-F203859A9FAC}"
EndProject
Global
	GlobalSection(SolutionConfigurationPlatforms) = preSolution
		Debug|Any CPU = Debug|Any CPU
		Release|Any CPU = Release|Any CPU
	EndGlobalSection
	GlobalSection(ProjectConfigurationPlatforms) = postSolution
		{E809F7A1-79C7-459C-A82B-F203859A9FAC}.Debug|Any CPU.ActiveCfg = Debug|Any CPU
		{E809F7A1-79C7-459C-A82B-F203859A9FAC}.Debug|Any CPU.Build.0 = Debug|Any CPU
		{E809F7A1-79C7-459C-A82B-F203859A9FAC}.Release|Any CPU.ActiveCfg = Release|Any CPU
		{E809F7A1-79C7-459C-A82B-F203859A9FAC}.Release|Any CPU.Build.0 = Release|Any CPU
	EndGlobalSection
	GlobalSection(SolutionProperties) = preSolution
		HideSolutionNode = FALSE
	EndGlobalSection
	GlobalSection(ExtensibilityGlobals) = postSolution
		SolutionGuid = {1239B5DE-B8EE-4AC9-BE12-9A5F1BCF9475}
	EndGlobalSection
EndGlobal
