
Microsoft Visual Studio Solution File, Format Version 12.00
# Visual Studio Version 17
VisualStudioVersion = 17.14.36212.18 d17.14
MinimumVisualStudioVersion = 10.0.40219.1
Project("{FAE04EC0-301F-11D3-BF4B-00C04F79EFBC}") = "factorial", "factorial\factorial.csproj", "{297B0FE9-792F-4538-A9FE-F2F9A78155B4}"
EndProject
Global
	GlobalSection(SolutionConfigurationPlatforms) = preSolution
		Debug|Any CPU = Debug|Any CPU
		Release|Any CPU = Release|Any CPU
	EndGlobalSection
	GlobalSection(ProjectConfigurationPlatforms) = postSolution
		{297B0FE9-792F-4538-A9FE-F2F9A78155B4}.Debug|Any CPU.ActiveCfg = Debug|Any CPU
		{297B0FE9-792F-4538-A9FE-F2F9A78155B4}.Debug|Any CPU.Build.0 = Debug|Any CPU
		{297B0FE9-792F-4538-A9FE-F2F9A78155B4}.Release|Any CPU.ActiveCfg = Release|Any CPU
		{297B0FE9-792F-4538-A9FE-F2F9A78155B4}.Release|Any CPU.Build.0 = Release|Any CPU
	EndGlobalSection
	GlobalSection(SolutionProperties) = preSolution
		HideSolutionNode = FALSE
	EndGlobalSection
	GlobalSection(ExtensibilityGlobals) = postSolution
		SolutionGuid = {5DE46DC6-1916-4DD6-8BCE-98A8D006CF00}
	EndGlobalSection
EndGlobal
